<?xml version="1.0" encoding="utf-8"?>
<Project ToolsVersion="4.0" xmlns="http://schemas.microsoft.com/developer/msbuild/2003">
  <ItemGroup>
    <Filter Include="Generated Files">
      <UniqueIdentifier>{71ED8ED8-ACB9-4CE9-BBE1-E00B30144E11}</UniqueIdentifier>
      <Extensions>cpp;c;cxx;moc;h;def;odl;idl;res;</Extensions>
    </Filter>
    <Filter Include="Generated Files">
      <UniqueIdentifier>{71ED8ED8-ACB9-4CE9-BBE1-E00B30144E11}</UniqueIdentifier>
      <Extensions>cpp;c;cxx;moc;h;def;odl;idl;res;</Extensions>
    </Filter>
    <Filter Include="Header Files">
      <UniqueIdentifier>{93995380-89BD-4b04-88EB-625FBE52EBFB}</UniqueIdentifier>
      <Extensions>h;hpp;hxx;hm;inl;inc;xsd</Extensions>
    </Filter>
    <Filter Include="Header Files">
      <UniqueIdentifier>{93995380-89BD-4b04-88EB-625FBE52EBFB}</UniqueIdentifier>
      <Extensions>h;hpp;hxx;hm;inl;inc;xsd</Extensions>
    </Filter>
    <Filter Include="Source Files">
      <UniqueIdentifier>{4FC737F1-C7A5-4376-A066-2A32D752A2FF}</UniqueIdentifier>
      <Extensions>cpp;c;cxx;def;odl;idl;hpj;bat;asm;asmx</Extensions>
    </Filter>
    <Filter Include="Source Files">
      <UniqueIdentifier>{4FC737F1-C7A5-4376-A066-2A32D752A2FF}</UniqueIdentifier>
      <Extensions>cpp;c;cxx;def;odl;idl;hpj;bat;asm;asmx</Extensions>
    </Filter>
    <Filter Include="Generated Files\Debug">
      <UniqueIdentifier>{6921fa1d-a171-48b9-8079-846dfe960390}</UniqueIdentifier>
      <Extensions>cpp;moc</Extensions>
      <SourceControlFiles>False</SourceControlFiles>
    </Filter>
    <Filter Include="Generated Files\Release">
      <UniqueIdentifier>{e7a42e9f-55cd-4827-bd0b-95339f17df43}</UniqueIdentifier>
      <Extensions>cpp;moc</Extensions>
      <SourceControlFiles>False</SourceControlFiles>
    </Filter>
  </ItemGroup>
  <ItemGroup>
    <ClCompile Include="connectionstringbuilder.cpp">
      <Filter>Source Files</Filter>
    </ClCompile>
    <ClCompile Include="dbcheckobj.cpp">
      <Filter>Source Files</Filter>
    </ClCompile>
    <ClCompile Include="modelNvProfilesPrivate.cpp">
      <Filter>Source Files</Filter>
    </ClCompile>
    <ClCompile Include="modelnvmonitors.cpp">
      <Filter>Source Files</Filter>
    </ClCompile>
    <ClCompile Include="modelnvmonitorsprivate.cpp">
      <Filter>Source Files</Filter>
    </ClCompile>
    <ClCompile Include="modelnvprofiles.cpp">
      <Filter>Source Files</Filter>
    </ClCompile>
    <ClCompile Include="modelnvschedules.cpp">
      <Filter>Source Files</Filter>
    </ClCompile>
    <ClCompile Include="modelnvschedulesprivate.cpp">
      <Filter>Source Files</Filter>
    </ClCompile>
    <ClCompile Include="modelnvtables.cpp">
      <Filter>Source Files</Filter>
    </ClCompile>
    <ClCompile Include="modelnvtablesprivate.cpp">
      <Filter>Source Files</Filter>
    </ClCompile>
    <ClCompile Include="nvlibq.cpp">
      <Filter>Source Files</Filter>
    </ClCompile>
    <ClCompile Include="nvmonitorclass.cpp">
      <Filter>Source Files</Filter>
    </ClCompile>
    <ClCompile Include="nvprofilesclass.cpp">
      <Filter>Source Files</Filter>
    </ClCompile>
    <ClCompile Include="nvschedulesclass.cpp">
      <Filter>Source Files</Filter>
    </ClCompile>
    <ClCompile Include="nvtable.cpp">
      <Filter>Source Files</Filter>
    </ClCompile>
    <ClCompile Include="nvtablesclass.cpp">
      <Filter>Source Files</Filter>
    </ClCompile>
    <ClCompile Include="qNvRepository.cpp">
      <Filter>Source Files</Filter>
    </ClCompile>
    <ClCompile Include="qclogobject.cpp">
      <Filter>Source Files</Filter>
    </ClCompile>
    <ClCompile Include="qloggerwriter.cpp">
      <Filter>Source Files</Filter>
    </ClCompile>
    <ClCompile Include="qnvmonitorprofile.cpp">
      <Filter>Source Files</Filter>
    </ClCompile>
    <ClCompile Include="qnvprofiles.cpp">
      <Filter>Source Files</Filter>
    </ClCompile>
    <ClCompile Include="qnvstaticclass.cpp">
      <Filter>Source Files</Filter>
    </ClCompile>
    <ClCompile Include="qnvtables.cpp">
      <Filter>Source Files</Filter>
    </ClCompile>
    <ClCompile Include="qvtexecute.cpp">
      <Filter>Source Files</Filter>
    </ClCompile>
    <ClCompile Include="qvtexecutemodel.cpp">
      <Filter>Source Files</Filter>
    </ClCompile>
    <ClCompile Include="qvtexecutetablesonly.cpp">
      <Filter>Source Files</Filter>
    </ClCompile>
    <ClCompile Include="vtiFields.cpp">
      <Filter>Source Files</Filter>
    </ClCompile>
    <ClCompile Include="vtlexecute.cpp">
      <Filter>Source Files</Filter>
    </ClCompile>
    <ClCompile Include="Debug\moc_connectionstringbuilder.cpp">
      <Filter>Generated Files\Debug</Filter>
    </ClCompile>
    <ClCompile Include="Release\moc_connectionstringbuilder.cpp">
      <Filter>Generated Files\Release</Filter>
    </ClCompile>
    <ClCompile Include="Debug\moc_dbcheckobj.cpp">
      <Filter>Generated Files\Debug</Filter>
    </ClCompile>
    <ClCompile Include="Release\moc_dbcheckobj.cpp">
      <Filter>Generated Files\Release</Filter>
    </ClCompile>
    <ClCompile Include="Debug\moc_nvmonitorclass.cpp">
      <Filter>Generated Files\Debug</Filter>
    </ClCompile>
    <ClCompile Include="Release\moc_nvmonitorclass.cpp">
      <Filter>Generated Files\Release</Filter>
    </ClCompile>
    <ClCompile Include="Debug\moc_nvprofilesclass.cpp">
      <Filter>Generated Files\Debug</Filter>
    </ClCompile>
    <ClCompile Include="Release\moc_nvprofilesclass.cpp">
      <Filter>Generated Files\Release</Filter>
    </ClCompile>
    <ClCompile Include="Debug\moc_nvschedulesclass.cpp">
      <Filter>Generated Files\Debug</Filter>
    </ClCompile>
    <ClCompile Include="Release\moc_nvschedulesclass.cpp">
      <Filter>Generated Files\Release</Filter>
    </ClCompile>
    <ClCompile Include="Debug\moc_nvtable.cpp">
      <Filter>Generated Files\Debug</Filter>
    </ClCompile>
    <ClCompile Include="Release\moc_nvtable.cpp">
      <Filter>Generated Files\Release</Filter>
    </ClCompile>
    <ClCompile Include="Debug\moc_nvtablesclass.cpp">
      <Filter>Generated Files\Debug</Filter>
    </ClCompile>
    <ClCompile Include="Release\moc_nvtablesclass.cpp">
      <Filter>Generated Files\Release</Filter>
    </ClCompile>
    <ClCompile Include="Debug\moc_qNvRepository.cpp">
      <Filter>Generated Files\Debug</Filter>
    </ClCompile>
    <ClCompile Include="Release\moc_qNvRepository.cpp">
      <Filter>Generated Files\Release</Filter>
    </ClCompile>
    <ClCompile Include="Debug\moc_qclogobject.cpp">
      <Filter>Generated Files\Debug</Filter>
    </ClCompile>
    <ClCompile Include="Release\moc_qclogobject.cpp">
      <Filter>Generated Files\Release</Filter>
    </ClCompile>
    <ClCompile Include="Debug\moc_qloggerwriter.cpp">
      <Filter>Generated Files\Debug</Filter>
    </ClCompile>
    <ClCompile Include="Release\moc_qloggerwriter.cpp">
      <Filter>Generated Files\Release</Filter>
    </ClCompile>
    <ClCompile Include="Debug\moc_qnvmonitorprofile.cpp">
      <Filter>Generated Files\Debug</Filter>
    </ClCompile>
    <ClCompile Include="Release\moc_qnvmonitorprofile.cpp">
      <Filter>Generated Files\Release</Filter>
    </ClCompile>
    <ClCompile Include="Debug\moc_qnvprofiles.cpp">
      <Filter>Generated Files\Debug</Filter>
    </ClCompile>
    <ClCompile Include="Release\moc_qnvprofiles.cpp">
      <Filter>Generated Files\Release</Filter>
    </ClCompile>
    <ClCompile Include="Debug\moc_qnvstaticclass.cpp">
      <Filter>Generated Files\Debug</Filter>
    </ClCompile>
    <ClCompile Include="Release\moc_qnvstaticclass.cpp">
      <Filter>Generated Files\Release</Filter>
    </ClCompile>
    <ClCompile Include="Debug\moc_qvtexecute.cpp">
      <Filter>Generated Files\Debug</Filter>
    </ClCompile>
    <ClCompile Include="Release\moc_qvtexecute.cpp">
      <Filter>Generated Files\Release</Filter>
    </ClCompile>
    <ClCompile Include="Debug\moc_qvtexecutemodel.cpp">
      <Filter>Generated Files\Debug</Filter>
    </ClCompile>
    <ClCompile Include="Release\moc_qvtexecutemodel.cpp">
      <Filter>Generated Files\Release</Filter>
    </ClCompile>
    <ClCompile Include="Debug\moc_qvtexecutetablesonly.cpp">
      <Filter>Generated Files\Debug</Filter>
    </ClCompile>
    <ClCompile Include="Release\moc_qvtexecutetablesonly.cpp">
      <Filter>Generated Files\Release</Filter>
    </ClCompile>
    <ClCompile Include="Debug\moc_vtifields.cpp">
      <Filter>Generated Files\Debug</Filter>
    </ClCompile>
    <ClCompile Include="Release\moc_vtifields.cpp">
      <Filter>Generated Files\Release</Filter>
    </ClCompile>
    <ClCompile Include="Debug\moc_vtlexecute.cpp">
      <Filter>Generated Files\Debug</Filter>
    </ClCompile>
    <ClCompile Include="Release\moc_vtlexecute.cpp">
      <Filter>Generated Files\Release</Filter>
    </ClCompile>
  </ItemGroup>
  <ItemGroup>
    <CustomBuild Include="connectionstringbuilder.h">
      <Filter>Header Files</Filter>
    </CustomBuild>
    <CustomBuild Include="dbcheckobj.h">
      <Filter>Header Files</Filter>
    </CustomBuild>
    <ClInclude Include="modelNvProfilesPrivate.h">
      <Filter>Header Files</Filter>
    </ClInclude>
    <ClInclude Include="modelnvmonitors.h">
      <Filter>Header Files</Filter>
    </ClInclude>
    <ClInclude Include="modelnvmonitorsprivate.h">
      <Filter>Header Files</Filter>
    </ClInclude>
    <ClInclude Include="modelnvprofiles.h">
      <Filter>Header Files</Filter>
    </ClInclude>
    <ClInclude Include="modelnvschedules.h">
      <Filter>Header Files</Filter>
    </ClInclude>
    <ClInclude Include="modelnvschedulesprivate.h">
      <Filter>Header Files</Filter>
    </ClInclude>
    <ClInclude Include="modelnvtables.h">
      <Filter>Header Files</Filter>
    </ClInclude>
    <ClInclude Include="modelnvtablesprivate.h">
      <Filter>Header Files</Filter>
    </ClInclude>
    <ClInclude Include="nvlibq.h">
      <Filter>Header Files</Filter>
    </ClInclude>
    <CustomBuild Include="nvmonitorclass.h">
      <Filter>Header Files</Filter>
    </CustomBuild>
    <CustomBuild Include="nvprofilesclass.h">
      <Filter>Header Files</Filter>
    </CustomBuild>
    <CustomBuild Include="nvschedulesclass.h">
      <Filter>Header Files</Filter>
    </CustomBuild>
    <CustomBuild Include="nvtable.h">
      <Filter>Header Files</Filter>
    </CustomBuild>
    <CustomBuild Include="nvtablesclass.h">
      <Filter>Header Files</Filter>
    </CustomBuild>
    <CustomBuild Include="qNvRepository.h">
      <Filter>Header Files</Filter>
    </CustomBuild>
    <ClInclude Include="qRCEnumDef.h">
      <Filter>Header Files</Filter>
    </ClInclude>
    <CustomBuild Include="qclogobject.h">
      <Filter>Header Files</Filter>
    </CustomBuild>
    <CustomBuild Include="qloggerwriter.h">
      <Filter>Header Files</Filter>
    </CustomBuild>
    <CustomBuild Include="qnvmonitorprofile.h">
      <Filter>Header Files</Filter>
    </CustomBuild>
    <CustomBuild Include="qnvprofiles.h">
      <Filter>Header Files</Filter>
    </CustomBuild>
    <CustomBuild Include="qnvstaticclass.h">
      <Filter>Header Files</Filter>
    </CustomBuild>
    <CustomBuild Include="qnvtables.h">
      <Filter>Header Files</Filter>
    </CustomBuild>
    <ClInclude Include="qsql_odbc.h">
      <Filter>Header Files</Filter>
    </ClInclude>
    <CustomBuild Include="qvtexecute.h">
      <Filter>Header Files</Filter>
    </CustomBuild>
    <CustomBuild Include="qvtexecutemodel.h">
      <Filter>Header Files</Filter>
    </CustomBuild>
    <CustomBuild Include="qvtexecutetablesonly.h">
      <Filter>Header Files</Filter>
    </CustomBuild>
    <CustomBuild Include="vtifields.h">
      <Filter>Header Files</Filter>
    </CustomBuild>
    <CustomBuild Include="vtlexecute.h">
      <Filter>Header Files</Filter>
    </CustomBuild>
  </ItemGroup>
  <ItemGroup>
    <CustomBuild Include="debug\moc_predefs.h.cbt">
      <Filter>Generated Files</Filter>
    </CustomBuild>
    <CustomBuild Include="release\moc_predefs.h.cbt">
      <Filter>Generated Files</Filter>
    </CustomBuild>
    <ClCompile Include="debug\moc_qnvtables.cpp">
      <Filter>Generated Files</Filter>
    </ClCompile>
    <ClCompile Include="release\moc_qnvtables.cpp">
      <Filter>Generated Files</Filter>
    </ClCompile>
  </ItemGroup>
  <ItemGroup>
    <ClInclude Include="LogHeader.h">
      <Filter>Generated Files</Filter>
    </ClInclude>
  </ItemGroup>
</Project>